{
  "meteor": {},
  "dependencies": {
    "basePackages": {
      "bootstrap-3": {},
      "iron-router": {},
      "collection2": {},
      "iron-router-progress": {},
      "bootstrap-errors": {},
      "accounts-templates-bootstrap": {},
      "meds": {},
      "underscore-string-latest": {},
      "headly": {},
      "kadira": {},
      "highcharts-with-exporting": {},
      "fast-render": {},
      "iron-router-ga": {}
    },
    "packages": {
      "bootstrap-3": {
        "git": "https://github.com/mangasocial/meteor-bootstrap-3.git",
        "tag": "v3.2.0-1",
        "commit": "17a63902fc6cf1096c5289d963c66cf28b474727"
      },
      "iron-router": {
        "git": "https://github.com/EventedMind/iron-router.git",
        "tag": "v0.7.1",
        "commit": "d1ffb3f06ea4c112132b030f2eb1a70b81675ecb"
      },
      "collection2": {
        "git": "https://github.com/aldeed/meteor-collection2.git",
        "tag": "v0.4.2",
        "commit": "4ff4b707bec8be434919730bf101325adb215444"
      },
      "iron-router-progress": {
        "git": "https://github.com/Multiply/iron-router-progress.git",
        "tag": "v0.4.1",
        "commit": "496fcda9a6ec352b4733725f60c6f280250c3541"
      },
      "bootstrap-errors": {
        "git": "https://github.com/lezed1/meteor-bootstrap-errors.git",
        "tag": "v0.3.1",
        "commit": "f85d792683a423bfb6747460d4516b7404871260"
      },
      "accounts-templates-bootstrap": {
        "git": "https://github.com/splendido/accounts-templates-bootstrap.git",
        "tag": "v0.0.10",
        "commit": "3e1b8c9cc0675158ed9d382551cecdbdcd1c0380"
      },
      "meds": {
        "git": "https://github.com/xdissent/meteor-meds.git",
        "tag": "v0.0.1",
        "commit": "157d9e587a978dd9931251a72765e484cfda53b8"
      },
      "underscore-string-latest": {
        "git": "https://github.com/TimHeckel/meteor-underscore-string.git",
        "tag": "v2.3.3",
        "commit": "4a5d70eee48fbd90a6e6fc78747250d704a0b3bb"
      },
      "headly": {
        "git": "https://github.com/ayal/headly",
        "tag": "v0.1.1",
        "commit": "f14effc81eab10efb876664bc010a5341ac95358"
      },
      "kadira": {
        "git": "https://github.com/meteorhacks/kadira.git",
        "tag": "v2.4.9",
        "commit": "8bb902989917522822a0897117672ae858c23427"
      },
      "highcharts-with-exporting": {
        "git": "https://github.com/wahyuaw/meteor-highcharts-with-exporting.git",
        "tag": "v0.1.1",
        "commit": "65a3b3f9bf35a520ddb3e23ef039322447c75125"
      },
      "fast-render": {
        "git": "https://github.com/arunoda/meteor-fast-render.git",
        "tag": "v0.2.8",
        "commit": "149984b1aff3a5642a270aff9bd9006872c8302e"
      },
      "iron-router-ga": {
        "git": "https://github.com/reywood/meteor-iron-router-ga.git",
        "tag": "v0.2.5",
        "commit": "ede54c4633f9a54fddd5c431202a88284df2a932"
      },
      "blaze-layout": {
        "git": "https://github.com/EventedMind/blaze-layout.git",
        "tag": "v0.2.4",
        "commit": "b40e9b0612329288d75cf52ad14a7da64bb8618f"
      },
      "simple-schema": {
        "git": "https://github.com/aldeed/meteor-simple-schema.git",
        "tag": "v0.6.0",
        "commit": "418ec496612fb2afc853e342f0d2269b6674a2fe"
      },
      "accounts-templates-core": {
        "git": "https://github.com/splendido/accounts-templates-core.git",
        "tag": "v0.0.11",
        "commit": "0e45146a21409c6d1984108664f8809672343194"
      },
      "munit": {
        "git": "https://github.com/spacejamio/meteor-munit.git",
        "tag": "v0.2.0",
        "commit": "9fbf742c3ea863d9d37f608d58f8fda646c01b2c"
      },
      "accounts-t9n": {
        "git": "https://github.com/splendido/meteor-accounts-t9n.git",
        "branch": "master",
        "commit": "4a8c8ab468cec8601f953205d24eb884a4e7749b"
      },
      "chai": {
        "git": "https://github.com/spacejamio/meteor-chai.git",
        "tag": "v0.1.5",
        "commit": "9c8f1f769839c946f11f580b8c6f8601f9286a66"
      },
      "sinon": {
        "git": "https://github.com/spacejamio/meteor-sinon.git",
        "tag": "v0.1.5",
        "commit": "5078abefbfc67a6c4c19f628ceba4249b84b4e07"
      }
    }
  }
}
